{
  "name": "test-generator",
  "version": "1.0.0",
  "lockfileVersion": 1,
  "requires": true,
  "dependencies": {
    "mri": {
      "version": "1.1.4",
      "resolved": "https://registry.npmjs.org/mri/-/mri-1.1.4.tgz",
      "integrity": "sha512-6y7IjGPm8AzlvoUrwAaw1tLnUBudaS3752vcd8JtrpGGQn+rXIe63LFVHm/YMwtqAuh+LJPCFdlLYPWM1nYn6w=="
    },
    "mustache": {
      "version": "3.0.1",
      "resolved": "https://registry.npmjs.org/mustache/-/mustache-3.0.1.tgz",
      "integrity": "sha512-jFI/4UVRsRYdUbuDTKT7KzfOp7FiD5WzYmmwNwXyUVypC0xjoTL78Fqc0jHUPIvvGD+6DQSPHIt1NE7D1ArsqA=="
    },
    "n-readlines": {
      "version": "1.0.0",
      "resolved": "https://registry.npmjs.org/n-readlines/-/n-readlines-1.0.0.tgz",
      "integrity": "sha512-ISDqGcspVu6U3VKqtJZG1uR55SmNNF9uK0EMq1IvNVVZOui6MW6VR0+pIZhqz85ORAGp+4zW+5fJ/SE7bwEibA=="
    }
  }
}
